
Microsoft Visual Studio Solution File, Format Version 12.00
# Visual Studio Version 17
VisualStudioVersion = 17.10.35027.167
MinimumVisualStudioVersion = 10.0.40219.1
Project("{FAE04EC0-301F-11D3-BF4B-00C04F79EFBC}") = "WebApplication2", "WebApplication2\WebApplication2.csproj", "{BE7187EB-5B36-4B8C-BFFF-87ABA5C13190}"
EndProject
Global
	GlobalSection(SolutionConfigurationPlatforms) = preSolution
		Debug|Any CPU = Debug|Any CPU
		Release|Any CPU = Release|Any CPU
	EndGlobalSection
	GlobalSection(ProjectConfigurationPlatforms) = postSolution
		{BE7187EB-5B36-4B8C-BFFF-87ABA5C13190}.Debug|Any CPU.ActiveCfg = Debug|Any CPU
		{BE7187EB-5B36-4B8C-BFFF-87ABA5C13190}.Debug|Any CPU.Build.0 = Debug|Any CPU
		{BE7187EB-5B36-4B8C-BFFF-87ABA5C13190}.Release|Any CPU.ActiveCfg = Release|Any CPU
		{BE7187EB-5B36-4B8C-BFFF-87ABA5C13190}.Release|Any CPU.Build.0 = Release|Any CPU
	EndGlobalSection
	GlobalSection(SolutionProperties) = preSolution
		HideSolutionNode = FALSE
	EndGlobalSection
	GlobalSection(ExtensibilityGlobals) = postSolution
		SolutionGuid = {0EA385FA-2E7F-41AB-8806-5563E7EBA783}
	EndGlobalSection
EndGlobal
